
Microsoft Visual Studio Solution File, Format Version 12.00
# Visual Studio Version 16
VisualStudioVersion = 16.0.29306.81
MinimumVisualStudioVersion = 10.0.40219.1
Project("{FAE04EC0-301F-11D3-BF4B-00C04F79EFBC}") = "ShellshockCheater", "ShellshockCheater\ShellshockCheater.csproj", "{E51EE57A-A67B-46D9-AEEC-D9DDE37A6F35}"
EndProject
Global
	GlobalSection(SolutionConfigurationPlatforms) = preSolution
		Debug|Any CPU = Debug|Any CPU
		Release|Any CPU = Release|Any CPU
	EndGlobalSection
	GlobalSection(ProjectConfigurationPlatforms) = postSolution
		{E51EE57A-A67B-46D9-AEEC-D9DDE37A6F35}.Debug|Any CPU.ActiveCfg = Debug|Any CPU
		{E51EE57A-A67B-46D9-AEEC-D9DDE37A6F35}.Debug|Any CPU.Build.0 = Debug|Any CPU
		{E51EE57A-A67B-46D9-AEEC-D9DDE37A6F35}.Release|Any CPU.ActiveCfg = Release|Any CPU
		{E51EE57A-A67B-46D9-AEEC-D9DDE37A6F35}.Release|Any CPU.Build.0 = Release|Any CPU
	EndGlobalSection
	GlobalSection(SolutionProperties) = preSolution
		HideSolutionNode = FALSE
	EndGlobalSection
	GlobalSection(ExtensibilityGlobals) = postSolution
		SolutionGuid = {740F8106-B4FA-4614-8C4B-B1246F7BED92}
	EndGlobalSection
EndGlobal
